{
  "name": "fmw-utils",
  "version": "1.0.0",
  "lockfileVersion": 1,
  "requires": true,
  "dependencies": {
    "uuidv1": {
      "version": "1.6.14",
      "resolved": "https://registry.npmjs.org/uuidv1/-/uuidv1-1.6.14.tgz",
      "integrity": "sha512-34FVVCDDHzzcOglmrKbZP99+8/6StEzo3VU3MuKw0Mo0B/YBQ1bWNQU8s79ofNnrPlfI+7A9pkAdhmQ6CyLHFg=="
    }
  }
}
